
Microsoft Visual Studio Solution File, Format Version 12.00
# Visual Studio 15
VisualStudioVersion = 15.0.27004.2005
MinimumVisualStudioVersion = 10.0.40219.1
Project("{FAE04EC0-301F-11D3-BF4B-00C04F79EFBC}") = "HackerPractice", "HackerPractice\HackerPractice.csproj", "{955DDAB1-B822-4EA0-9907-203EFEF6712B}"
EndProject
Global
	GlobalSection(SolutionConfigurationPlatforms) = preSolution
		Debug|Any CPU = Debug|Any CPU
		Release|Any CPU = Release|Any CPU
	EndGlobalSection
	GlobalSection(ProjectConfigurationPlatforms) = postSolution
		{955DDAB1-B822-4EA0-9907-203EFEF6712B}.Debug|Any CPU.ActiveCfg = Debug|Any CPU
		{955DDAB1-B822-4EA0-9907-203EFEF6712B}.Debug|Any CPU.Build.0 = Debug|Any CPU
		{955DDAB1-B822-4EA0-9907-203EFEF6712B}.Release|Any CPU.ActiveCfg = Release|Any CPU
		{955DDAB1-B822-4EA0-9907-203EFEF6712B}.Release|Any CPU.Build.0 = Release|Any CPU
	EndGlobalSection
	GlobalSection(SolutionProperties) = preSolution
		HideSolutionNode = FALSE
	EndGlobalSection
	GlobalSection(ExtensibilityGlobals) = postSolution
		SolutionGuid = {A367F5D2-31FA-41A1-97B0-32A2EC5F8E93}
	EndGlobalSection
EndGlobal
